{
  "nodes": {
    "agenix": {
      "inputs": {
        "nixpkgs": [
          "ragenix",
          "nixpkgs"
        ]
      },
      "locked": {
        "lastModified": 1665870395,
        "narHash": "sha256-Tsbqb27LDNxOoPLh0gw2hIb6L/6Ow/6lIBvqcHzEKBI=",
        "owner": "ryantm",
        "repo": "agenix",
        "rev": "a630400067c6d03c9b3e0455347dc8559db14288",
        "type": "github"
      },
      "original": {
        "owner": "ryantm",
        "repo": "agenix",
        "type": "github"
      }
    },
    "deploy-rs": {
      "inputs": {
        "flake-compat": "flake-compat",
        "nixpkgs": [
          "nixpkgs"
        ],
        "utils": "utils"
      },
      "locked": {
        "lastModified": 1668797197,
        "narHash": "sha256-0w6iD3GSSQbIeSFVDzAAQZB+hDq670ZTms3d9XI+BtM=",
        "owner": "serokell",
        "repo": "deploy-rs",
        "rev": "2a3c5f70eee04a465aa534d8bd4fcc9bb3c4a8ce",
        "type": "github"
      },
      "original": {
        "owner": "serokell",
        "repo": "deploy-rs",
        "type": "github"
      }
    },
    "flake-compat": {
      "flake": false,
      "locked": {
        "lastModified": 1648199409,
        "narHash": "sha256-JwPKdC2PoVBkG6E+eWw3j6BMR6sL3COpYWfif7RVb8Y=",
        "owner": "edolstra",
        "repo": "flake-compat",
        "rev": "64a525ee38886ab9028e6f61790de0832aa3ef03",
        "type": "github"
      },
      "original": {
        "owner": "edolstra",
        "repo": "flake-compat",
        "type": "github"
      }
    },
    "flake-utils": {
      "locked": {
        "lastModified": 1667077288,
        "narHash": "sha256-bdC8sFNDpT0HK74u9fUkpbf1MEzVYJ+ka7NXCdgBoaA=",
        "owner": "numtide",
        "repo": "flake-utils",
        "rev": "6ee9ebb6b1ee695d2cacc4faa053a7b9baa76817",
        "type": "github"
      },
      "original": {
        "owner": "numtide",
        "repo": "flake-utils",
        "type": "github"
      }
    },
    "github-nvim-theme": {
      "flake": false,
      "locked": {
        "lastModified": 1665384859,
        "narHash": "sha256-cd9a8s2WIijsi4nvP1iu7/Dz7Mq8fxwFT0qOPuvyy00=",
        "owner": "projekt0n",
        "repo": "github-nvim-theme",
        "rev": "a0632f9fa9b696896d4b427de0c84c1e9f192204",
        "type": "github"
      },
      "original": {
        "owner": "projekt0n",
        "repo": "github-nvim-theme",
        "type": "github"
      }
    },
    "home-manager": {
      "inputs": {
        "nixpkgs": [
          "nixpkgs"
        ],
        "utils": "utils_2"
      },
      "locked": {
        "lastModified": 1670513770,
        "narHash": "sha256-muL74fsbGA8K8WlZSPNWddOiuBnC54kAajncX6nXrh4=",
        "owner": "nix-community",
        "repo": "home-manager",
        "rev": "054d9e3187ca00479e8036dc0e92900a384f30fd",
        "type": "github"
      },
      "original": {
        "owner": "nix-community",
        "repo": "home-manager",
        "type": "github"
      }
    },
    "hyprland": {
      "inputs": {
        "hyprland-protocols": "hyprland-protocols",
        "nixpkgs": "nixpkgs",
        "wlroots": "wlroots",
        "xdph": "xdph"
      },
      "locked": {
        "lastModified": 1670778902,
        "narHash": "sha256-wqzR191Dr09be31QX17qTiHwhl8WdSa3Po1ziAq4UL4=",
        "owner": "hyprwm",
        "repo": "Hyprland",
        "rev": "e8b99ae13a0525f9fbd6899fe39fe723879f86b9",
        "type": "github"
      },
      "original": {
        "owner": "hyprwm",
        "repo": "Hyprland",
        "type": "github"
      }
    },
    "hyprland-protocols": {
      "flake": false,
      "locked": {
        "lastModified": 1670258048,
        "narHash": "sha256-Lm2sXnDVZNE+taHqsqVibvPmSdu65VHvXI507KVX4lg=",
        "owner": "hyprwm",
        "repo": "hyprland-protocols",
        "rev": "0dcff94fc10df2bbb66d3e1b5a1d6cfd3ada5515",
        "type": "github"
      },
      "original": {
        "owner": "hyprwm",
        "repo": "hyprland-protocols",
        "type": "github"
      }
    },
    "hyprland-protocols_2": {
      "flake": false,
      "locked": {
        "lastModified": 1670185345,
        "narHash": "sha256-hxWGqlPecqEsE6nOHDV29KFBKePbY2Ipeac6lrChMKY=",
        "owner": "hyprwm",
        "repo": "hyprland-protocols",
        "rev": "4623a404c091e64743ba310199bb380ec52f1936",
        "type": "github"
      },
      "original": {
        "owner": "hyprwm",
        "repo": "hyprland-protocols",
        "type": "github"
      }
    },
    "hyprland-protocols_3": {
      "flake": false,
      "locked": {
        "lastModified": 1670185345,
        "narHash": "sha256-hxWGqlPecqEsE6nOHDV29KFBKePbY2Ipeac6lrChMKY=",
        "owner": "hyprwm",
        "repo": "hyprland-protocols",
        "rev": "4623a404c091e64743ba310199bb380ec52f1936",
        "type": "github"
      },
      "original": {
        "owner": "hyprwm",
        "repo": "hyprland-protocols",
        "type": "github"
      }
    },
    "nixpkgs": {
      "locked": {
        "lastModified": 1670064435,
        "narHash": "sha256-+ELoY30UN+Pl3Yn7RWRPabykwebsVK/kYE9JsIsUMxQ=",
        "owner": "NixOS",
        "repo": "nixpkgs",
        "rev": "61a8a98e6d557e6dd7ed0cdb54c3a3e3bbc5e25c",
        "type": "github"
      },
      "original": {
        "owner": "NixOS",
        "ref": "nixos-unstable",
        "repo": "nixpkgs",
        "type": "github"
      }
    },
    "nixpkgs_2": {
      "locked": {
        "lastModified": 1670751203,
        "narHash": "sha256-XdoH1v3shKDGlrwjgrNX/EN8s3c+kQV7xY6cLCE8vcI=",
        "owner": "nixos",
        "repo": "nixpkgs",
        "rev": "64e0bf055f9d25928c31fb12924e59ff8ce71e60",
        "type": "github"
      },
      "original": {
        "owner": "nixos",
        "ref": "nixos-unstable",
        "repo": "nixpkgs",
        "type": "github"
      }
    },
    "nur": {
      "locked": {
        "lastModified": 1670819416,
        "narHash": "sha256-ja1livEv48Y3piLmdKo0T+1cUHdSfmaHXOxOxJNbneA=",
        "owner": "nix-community",
        "repo": "NUR",
        "rev": "068395203bcc46e2ed19843f508383982b153271",
        "type": "github"
      },
      "original": {
        "owner": "nix-community",
        "repo": "NUR",
        "type": "github"
      }
    },
    "ragenix": {
      "inputs": {
        "agenix": "agenix",
        "flake-utils": "flake-utils",
        "nixpkgs": [
          "nixpkgs"
        ],
        "rust-overlay": "rust-overlay"
      },
      "locked": {
        "lastModified": 1667808611,
        "narHash": "sha256-HHxTosiswFFS5PHLalpa3OKKl3R9BdgMk7pY4tjX2HU=",
        "owner": "yaxitech",
        "repo": "ragenix",
        "rev": "f34618bd9e93edab1f0d62fc3619af7d2d8e5a0c",
        "type": "github"
      },
      "original": {
        "owner": "yaxitech",
        "repo": "ragenix",
        "type": "github"
      }
    },
    "root": {
      "inputs": {
        "deploy-rs": "deploy-rs",
        "github-nvim-theme": "github-nvim-theme",
        "home-manager": "home-manager",
        "hyprland": "hyprland",
        "nixpkgs": "nixpkgs_2",
        "nur": "nur",
        "ragenix": "ragenix",
        "syntax-tree-surfer": "syntax-tree-surfer",
        "xdph": "xdph_2"
      }
    },
    "rust-overlay": {
      "inputs": {
        "flake-utils": [
          "ragenix",
          "flake-utils"
        ],
        "nixpkgs": [
          "ragenix",
          "nixpkgs"
        ]
      },
      "locked": {
        "lastModified": 1667271616,
        "narHash": "sha256-qR43NUFFoKfDRro3M1SarTYVfTn8WvWznGJX5eNCNZw=",
        "owner": "oxalica",
        "repo": "rust-overlay",
        "rev": "3cbe6891588e1efad2491f87a54be26aeed1fac0",
        "type": "github"
      },
      "original": {
        "owner": "oxalica",
        "repo": "rust-overlay",
        "type": "github"
      }
    },
    "syntax-tree-surfer": {
      "flake": false,
      "locked": {
        "lastModified": 1663517702,
        "narHash": "sha256-7EwaAMULt0xABp0reZZIXXI+qde9Bme3g9dCJzc0YMk=",
        "owner": "ziontee113",
        "repo": "syntax-tree-surfer",
        "rev": "d6d518f48dcc4441b11ee3e6cefd48fa1e09568a",
        "type": "github"
      },
      "original": {
        "owner": "ziontee113",
        "repo": "syntax-tree-surfer",
        "type": "github"
      }
    },
    "utils": {
      "locked": {
        "lastModified": 1648297722,
        "narHash": "sha256-W+qlPsiZd8F3XkzXOzAoR+mpFqzm3ekQkJNa+PIh1BQ=",
        "owner": "numtide",
        "repo": "flake-utils",
        "rev": "0f8662f1319ad6abf89b3380dd2722369fc51ade",
        "type": "github"
      },
      "original": {
        "owner": "numtide",
        "repo": "flake-utils",
        "type": "github"
      }
    },
    "utils_2": {
      "locked": {
        "lastModified": 1667395993,
        "narHash": "sha256-nuEHfE/LcWyuSWnS8t12N1wc105Qtau+/OdUAjtQ0rA=",
        "owner": "numtide",
        "repo": "flake-utils",
        "rev": "5aed5285a952e0b949eb3ba02c12fa4fcfef535f",
        "type": "github"
      },
      "original": {
        "owner": "numtide",
        "repo": "flake-utils",
        "type": "github"
      }
    },
    "wlroots": {
      "flake": false,
      "locked": {
        "host": "gitlab.freedesktop.org",
        "lastModified": 1669925104,
        "narHash": "sha256-xMHfW+/G9MieN/5tXHUA5/ztE8dkE093cNFTEUgcwxI=",
        "owner": "wlroots",
        "repo": "wlroots",
        "rev": "c8eb24d30e18c165728b8788a10716611c3b633d",
        "type": "gitlab"
      },
      "original": {
        "host": "gitlab.freedesktop.org",
        "owner": "wlroots",
        "repo": "wlroots",
        "type": "gitlab"
      }
    },
    "xdph": {
      "inputs": {
        "hyprland-protocols": "hyprland-protocols_2",
        "nixpkgs": [
          "hyprland",
          "nixpkgs"
        ]
      },
      "locked": {
        "lastModified": 1670593043,
        "narHash": "sha256-tsDs6FB+7PlBOt46dMQFBMH5yPY/fduf4cYbQYhauhA=",
        "owner": "hyprwm",
        "repo": "xdg-desktop-portal-hyprland",
        "rev": "5f7eecff553d82f21e049d79d8fb3f1f46568da0",
        "type": "github"
      },
      "original": {
        "owner": "hyprwm",
        "repo": "xdg-desktop-portal-hyprland",
        "type": "github"
      }
    },
    "xdph_2": {
      "inputs": {
        "hyprland-protocols": "hyprland-protocols_3",
        "nixpkgs": [
          "nixpkgs"
        ]
      },
      "locked": {
        "lastModified": 1670796807,
        "narHash": "sha256-hUJyYUQAyrHK8rq3L8Z6zZHIYXf5SW/h8TVoW3IBiUY=",
        "owner": "hyprwm",
        "repo": "xdg-desktop-portal-hyprland",
        "rev": "1fa106cfdfb0ead0a3c5dea26d17f696a90b6003",
        "type": "github"
      },
      "original": {
        "owner": "hyprwm",
        "repo": "xdg-desktop-portal-hyprland",
        "type": "github"
      }
    }
  },
  "root": "root",
  "version": 7
}
